
Microsoft Visual Studio Solution File, Format Version 12.00
# Visual Studio 14
VisualStudioVersion = 14.0.22823.1
MinimumVisualStudioVersion = 10.0.40219.1
Project("{FAE04EC0-301F-11D3-BF4B-00C04F79EFBC}") = "Runtime", "Runtime\Runtime.csproj", "{9944F644-9216-4FEF-B46A-0E58A9FFB473}"
EndProject
Project("{FAE04EC0-301F-11D3-BF4B-00C04F79EFBC}") = "UnitTests", "UnitTests\UnitTests.csproj", "{51F7509C-6123-42FB-935E-1FFF3954F5A9}"
EndProject
Project("{FAE04EC0-301F-11D3-BF4B-00C04F79EFBC}") = "TestConsole", "TestConsole\TestConsole.csproj", "{50ADE462-0A01-498A-8B70-FCED2B8D4906}"
EndProject
Project("{FAE04EC0-301F-11D3-BF4B-00C04F79EFBC}") = "TestConsole2", "TestConsole2\TestConsole2.csproj", "{18583C74-DC75-42FE-900C-080EFE295DFB}"
EndProject
Project("{FAE04EC0-301F-11D3-BF4B-00C04F79EFBC}") = "Runtime20", "Runtime20\Runtime20.csproj", "{1BEB776E-FEBE-4B29-AEA1-B34017697D55}"
EndProject
Global
	GlobalSection(SolutionConfigurationPlatforms) = preSolution
		Release|Any CPU = Release|Any CPU
		Release|Mixed Platforms = Release|Mixed Platforms
		Release|x86 = Release|x86
	EndGlobalSection
	GlobalSection(ProjectConfigurationPlatforms) = postSolution
		{9944F644-9216-4FEF-B46A-0E58A9FFB473}.Release|Any CPU.ActiveCfg = Release|Any CPU
		{9944F644-9216-4FEF-B46A-0E58A9FFB473}.Release|Any CPU.Build.0 = Release|Any CPU
		{9944F644-9216-4FEF-B46A-0E58A9FFB473}.Release|Mixed Platforms.ActiveCfg = Release|Any CPU
		{9944F644-9216-4FEF-B46A-0E58A9FFB473}.Release|Mixed Platforms.Build.0 = Release|Any CPU
		{9944F644-9216-4FEF-B46A-0E58A9FFB473}.Release|x86.ActiveCfg = Release|Any CPU
		{51F7509C-6123-42FB-935E-1FFF3954F5A9}.Release|Any CPU.ActiveCfg = Release|Any CPU
		{51F7509C-6123-42FB-935E-1FFF3954F5A9}.Release|Any CPU.Build.0 = Release|Any CPU
		{51F7509C-6123-42FB-935E-1FFF3954F5A9}.Release|Mixed Platforms.ActiveCfg = Release|Any CPU
		{51F7509C-6123-42FB-935E-1FFF3954F5A9}.Release|Mixed Platforms.Build.0 = Release|Any CPU
		{51F7509C-6123-42FB-935E-1FFF3954F5A9}.Release|x86.ActiveCfg = Release|Any CPU
		{50ADE462-0A01-498A-8B70-FCED2B8D4906}.Release|Any CPU.ActiveCfg = Release|x86
		{50ADE462-0A01-498A-8B70-FCED2B8D4906}.Release|Any CPU.Build.0 = Release|x86
		{50ADE462-0A01-498A-8B70-FCED2B8D4906}.Release|Mixed Platforms.ActiveCfg = Release|x86
		{50ADE462-0A01-498A-8B70-FCED2B8D4906}.Release|Mixed Platforms.Build.0 = Release|x86
		{50ADE462-0A01-498A-8B70-FCED2B8D4906}.Release|x86.ActiveCfg = Release|x86
		{50ADE462-0A01-498A-8B70-FCED2B8D4906}.Release|x86.Build.0 = Release|x86
		{18583C74-DC75-42FE-900C-080EFE295DFB}.Release|Any CPU.ActiveCfg = Release|x86
		{18583C74-DC75-42FE-900C-080EFE295DFB}.Release|Mixed Platforms.ActiveCfg = Release|x86
		{18583C74-DC75-42FE-900C-080EFE295DFB}.Release|Mixed Platforms.Build.0 = Release|x86
		{18583C74-DC75-42FE-900C-080EFE295DFB}.Release|x86.ActiveCfg = Release|x86
		{18583C74-DC75-42FE-900C-080EFE295DFB}.Release|x86.Build.0 = Release|x86
		{1BEB776E-FEBE-4B29-AEA1-B34017697D55}.Release|Any CPU.ActiveCfg = Release|Any CPU
		{1BEB776E-FEBE-4B29-AEA1-B34017697D55}.Release|Any CPU.Build.0 = Release|Any CPU
		{1BEB776E-FEBE-4B29-AEA1-B34017697D55}.Release|Mixed Platforms.ActiveCfg = Release|Any CPU
		{1BEB776E-FEBE-4B29-AEA1-B34017697D55}.Release|Mixed Platforms.Build.0 = Release|Any CPU
		{1BEB776E-FEBE-4B29-AEA1-B34017697D55}.Release|x86.ActiveCfg = Release|Any CPU
	EndGlobalSection
	GlobalSection(SolutionProperties) = preSolution
		HideSolutionNode = FALSE
	EndGlobalSection
EndGlobal
